
Microsoft Visual Studio Solution File, Format Version 12.00
# Visual Studio 15
Project("{FAE04EC0-301F-11D3-BF4B-00C04F79EFBC}") = "Assembly-CSharp", "Assembly-CSharp.csproj", "{99949FD6-706E-DBFF-713A-1658FAF61293}"
EndProject
Project("{FAE04EC0-301F-11D3-BF4B-00C04F79EFBC}") = "Assembly-CSharp-Editor", "Assembly-CSharp-Editor.csproj", "{25069261-391C-7070-D942-D887D90A02E2}"
EndProject
Global
	GlobalSection(SolutionConfigurationPlatforms) = preSolution
		Debug|Any CPU = Debug|Any CPU
		Release|Any CPU = Release|Any CPU
	EndGlobalSection
	GlobalSection(ProjectConfigurationPlatforms) = postSolution
		{99949FD6-706E-DBFF-713A-1658FAF61293}.Debug|Any CPU.ActiveCfg = Debug|Any CPU
		{99949FD6-706E-DBFF-713A-1658FAF61293}.Debug|Any CPU.Build.0 = Debug|Any CPU
		{99949FD6-706E-DBFF-713A-1658FAF61293}.Release|Any CPU.ActiveCfg = Release|Any CPU
		{99949FD6-706E-DBFF-713A-1658FAF61293}.Release|Any CPU.Build.0 = Release|Any CPU
		{25069261-391C-7070-D942-D887D90A02E2}.Debug|Any CPU.ActiveCfg = Debug|Any CPU
		{25069261-391C-7070-D942-D887D90A02E2}.Debug|Any CPU.Build.0 = Debug|Any CPU
		{25069261-391C-7070-D942-D887D90A02E2}.Release|Any CPU.ActiveCfg = Release|Any CPU
		{25069261-391C-7070-D942-D887D90A02E2}.Release|Any CPU.Build.0 = Release|Any CPU
	EndGlobalSection
	GlobalSection(SolutionProperties) = preSolution
		HideSolutionNode = FALSE
	EndGlobalSection
EndGlobal
